PODS:
  - Alamofire (5.9.1)
  - AppMain (1.0.0):
    - AppMain/Resources (= 1.0.0)
    - ESTabBarController-swift
    - FeatBox
    - HBDNavigationBar
    - Mediator
  - AppMain/Resources (1.0.0):
    - ESTabBarController-swift
    - FeatBox
    - HBDNavigationBar
    - Mediator
  - Booming (1.0.2):
    - Booming/Core (= 1.0.2)
  - Booming/Cache (1.0.2):
    - Booming/Core
    - CacheX (~> 1.1.0)
  - Booming/Core (1.0.2):
    - Moya
  - Booming/Debugging (1.0.2):
    - Booming/Core
  - Booming/Files (1.0.2):
    - Booming/Core
  - Booming/GZip (1.0.2):
    - Booming/Core
  - Booming/Header (1.0.2):
    - Booming/Core
  - Booming/Indicator (1.0.2):
    - Booming/Core
  - Booming/Loading (1.0.2):
    - Booming/Core
    - MBProgressHUD
  - Booming/Lottie (1.0.2):
    - Booming/Core
    - lottie-ios
  - Booming/Shared (1.0.2):
    - Booming/Core
  - Booming/Warning (1.0.2):
    - Booming/Core
    - MBProgressHUD
  - CacheX (1.1.1)
  - CommonView (0.0.1):
    - RxCocoa
    - SnapKit
  - Database (0.0.4):
    - WCDB.swift
  - Differentiator (5.0.0)
  - DZNEmptyDataSet (1.8.1)
  - ESTabBarController-swift (2.8.0)
  - FeatBox (2.0.0):
    - Booming
    - CommonView
    - ESTabBarController-swift
    - FeatBox/Resources (= 2.0.0)
    - FSCalendar
    - HandyJSON
    - Harbeth
    - ImageX
    - Mediator
    - ProductLib
    - Rickenbacker
    - RxCocoa
    - RxDataSources
    - RxGesture
    - RxNetworks
    - RxSkeletonView
    - SDWebImage
    - SnapKit
    - "UITableView+FDTemplateLayoutCell"
    - YYText
  - FeatBox/Resources (2.0.0):
    - Booming
    - CommonView
    - ESTabBarController-swift
    - FSCalendar
    - HandyJSON
    - Harbeth
    - ImageX
    - Mediator
    - ProductLib
    - Rickenbacker
    - RxCocoa
    - RxDataSources
    - RxGesture
    - RxNetworks
    - RxSkeletonView
    - SDWebImage
    - SnapKit
    - "UITableView+FDTemplateLayoutCell"
    - YYText
  - FSCalendar (2.8.4)
  - FSPagerView (0.8.3)
  - HandyJSON (5.0.2)
  - Harbeth (1.2.0):
    - Harbeth/Basic (= 1.2.0)
    - Harbeth/Compute (= 1.2.0)
    - Harbeth/CoreImage (= 1.2.0)
    - Harbeth/MPS (= 1.2.0)
    - Harbeth/SwiftUI (= 1.2.0)
  - Harbeth/Basic (1.2.0)
  - Harbeth/Compute (1.2.0):
    - Harbeth/Basic
  - Harbeth/CoreImage (1.2.0):
    - Harbeth/Basic
  - Harbeth/MPS (1.2.0):
    - Harbeth/Basic
  - Harbeth/SwiftUI (1.2.0):
    - Harbeth/Basic
  - HBDNavigationBar (1.9.6)
  - ImageX (1.1.7):
    - CacheX
    - Harbeth
  - lottie-ios (4.4.1)
  - MBProgressHUD (1.2.0)
  - Mediator (0.1.0):
    - HandyJSON
    - Rickenbacker/Mediator
  - MJRefresh (3.7.9)
  - Moya (15.0.0):
    - Moya/Core (= 15.0.0)
  - Moya/Core (15.0.0):
    - Alamofire (~> 5.0)
  - ProductLib (0.1.0)
  - Rickenbacker (1.1.4):
    - Rickenbacker/Adapter (= 1.1.4)
    - Rickenbacker/Boxs (= 1.1.4)
    - Rickenbacker/DZNEmptyDataSet (= 1.1.4)
    - Rickenbacker/Mediator (= 1.1.4)
    - Rickenbacker/MJRefresh (= 1.1.4)
    - Rickenbacker/Rx (= 1.1.4)
  - Rickenbacker/Adapter (1.1.4):
    - Rickenbacker/Rx
  - Rickenbacker/Boxs (1.1.4)
  - Rickenbacker/DZNEmptyDataSet (1.1.4):
    - DZNEmptyDataSet
    - Rickenbacker/Adapter
  - Rickenbacker/Mediator (1.1.4)
  - Rickenbacker/MJRefresh (1.1.4):
    - MJRefresh
    - Rickenbacker/Adapter
  - Rickenbacker/Rx (1.1.4):
    - Rickenbacker/Boxs
    - RxCocoa
    - RxSwift
  - RootManager (0.1.0):
    - AppMain
    - FeatBox
  - RxCocoa (6.7.1):
    - RxRelay (= 6.7.1)
    - RxSwift (= 6.7.1)
  - RxDataSources (5.0.0):
    - Differentiator (~> 5.0)
    - RxCocoa (~> 6.0)
    - RxSwift (~> 6.0)
  - RxGesture (4.0.4):
    - RxCocoa (~> 6.0)
    - RxSwift (~> 6.0)
  - RxNetworks (1.0.2):
    - RxNetworks/Core (= 1.0.2)
    - RxNetworks/HandyJSON (= 1.0.2)
    - RxNetworks/Plugins (= 1.0.2)
    - RxNetworks/RxSwift (= 1.0.2)
  - RxNetworks/Core (1.0.2):
    - Booming/Core
  - RxNetworks/HandyJSON (1.0.2):
    - HandyJSON
  - RxNetworks/Plugins (1.0.2):
    - RxNetworks/Plugins/AnimatedLoading (= 1.0.2)
    - RxNetworks/Plugins/Cache (= 1.0.2)
    - RxNetworks/Plugins/Debugging (= 1.0.2)
    - RxNetworks/Plugins/Files (= 1.0.2)
    - RxNetworks/Plugins/GZip (= 1.0.2)
    - RxNetworks/Plugins/Header (= 1.0.2)
    - RxNetworks/Plugins/Indicator (= 1.0.2)
    - RxNetworks/Plugins/Loading (= 1.0.2)
    - RxNetworks/Plugins/Shared (= 1.0.2)
    - RxNetworks/Plugins/Warning (= 1.0.2)
  - RxNetworks/Plugins/AnimatedLoading (1.0.2):
    - Booming/Lottie
  - RxNetworks/Plugins/Cache (1.0.2):
    - Booming/Cache
  - RxNetworks/Plugins/Debugging (1.0.2):
    - Booming/Debugging
  - RxNetworks/Plugins/Files (1.0.2):
    - Booming/Files
  - RxNetworks/Plugins/GZip (1.0.2):
    - Booming/GZip
  - RxNetworks/Plugins/Header (1.0.2):
    - Booming/Header
  - RxNetworks/Plugins/Indicator (1.0.2):
    - Booming/Indicator
  - RxNetworks/Plugins/Loading (1.0.2):
    - Booming/Loading
  - RxNetworks/Plugins/Shared (1.0.2):
    - Booming/Shared
  - RxNetworks/Plugins/Warning (1.0.2):
    - Booming/Warning
  - RxNetworks/RxSwift (1.0.2):
    - RxNetworks/Core
    - RxSwift
  - RxRelay (6.7.1):
    - RxSwift (= 6.7.1)
  - RxSkeletonView (0.0.1):
    - RxCocoa
    - RxDataSources
    - RxSwift
    - SkeletonView
  - RxSwift (6.7.1)
  - SDWebImage (5.19.2):
    - SDWebImage/Core (= 5.19.2)
  - SDWebImage/Core (5.19.2)
  - SkeletonView (1.30.4)
  - SnapKit (5.7.1)
  - "UITableView+FDTemplateLayoutCell (1.6)"
  - WCDB.swift (2.1.4):
    - WCDBOptimizedSQLCipher (= 1.4.4)
  - WCDBOptimizedSQLCipher (1.4.4)
  - WMDiscover (1.0.0):
    - FeatBox
    - FSPagerView
    - WMDiscover/Api (= 1.0.0)
    - WMDiscover/Controller (= 1.0.0)
    - WMDiscover/Model (= 1.0.0)
    - WMDiscover/Resources (= 1.0.0)
    - WMDiscover/Util (= 1.0.0)
    - WMDiscover/View (= 1.0.0)
    - WMDiscover/ViewModel (= 1.0.0)
  - WMDiscover/Api (1.0.0):
    - FeatBox
    - FSPagerView
  - WMDiscover/Controller (1.0.0):
    - FeatBox
    - FSPagerView
  - WMDiscover/Model (1.0.0):
    - FeatBox
    - FSPagerView
  - WMDiscover/Resources (1.0.0):
    - FeatBox
    - FSPagerView
  - WMDiscover/Util (1.0.0):
    - FeatBox
    - FSPagerView
  - WMDiscover/View (1.0.0):
    - FeatBox
    - FSPagerView
  - WMDiscover/ViewModel (1.0.0):
    - FeatBox
    - FSPagerView
  - WMMine (1.0.0):
    - FeatBox
    - WMMine/Api (= 1.0.0)
    - WMMine/Controller (= 1.0.0)
    - WMMine/Model (= 1.0.0)
    - WMMine/Resources (= 1.0.0)
    - WMMine/Util (= 1.0.0)
    - WMMine/View (= 1.0.0)
    - WMMine/ViewModel (= 1.0.0)
  - WMMine/Api (1.0.0):
    - FeatBox
  - WMMine/Controller (1.0.0):
    - FeatBox
  - WMMine/Model (1.0.0):
    - FeatBox
  - WMMine/Resources (1.0.0):
    - FeatBox
  - WMMine/Util (1.0.0):
    - FeatBox
  - WMMine/View (1.0.0):
    - FeatBox
  - WMMine/ViewModel (1.0.0):
    - FeatBox
  - WMWallet (1.0.0):
    - Database
    - FeatBox
    - WMWallet/Api (= 1.0.0)
    - WMWallet/Controller (= 1.0.0)
    - WMWallet/Model (= 1.0.0)
    - WMWallet/Resources (= 1.0.0)
    - WMWallet/Util (= 1.0.0)
    - WMWallet/View (= 1.0.0)
    - WMWallet/ViewModel (= 1.0.0)
  - WMWallet/Api (1.0.0):
    - Database
    - FeatBox
  - WMWallet/Controller (1.0.0):
    - Database
    - FeatBox
  - WMWallet/Model (1.0.0):
    - Database
    - FeatBox
  - WMWallet/Resources (1.0.0):
    - Database
    - FeatBox
  - WMWallet/Util (1.0.0):
    - Database
    - FeatBox
  - WMWallet/View (1.0.0):
    - Database
    - FeatBox
  - WMWallet/ViewModel (1.0.0):
    - Database
    - FeatBox
  - YYText (1.0.7)

DEPENDENCIES:
  - AppMain (from `DevelopmentPods/AppMain`)
  - CommonView (from `DevelopmentPods/CommonView`)
  - Database (from `DevelopmentPods/Database`)
  - FeatBox (from `DevelopmentPods/FeatBox`)
  - Mediator (from `DevelopmentPods/Mediator`)
  - ProductLib (from `DevelopmentPods/ProductLib`)
  - RootManager (from `DevelopmentPods/RootManager`)
  - WMDiscover (from `DevelopmentPods/WMModules/WMDiscover`)
  - WMMine (from `DevelopmentPods/WMModules/WMMine`)
  - WMWallet (from `DevelopmentPods/WMModules/WMWallet`)

SPEC REPOS:
  https://github.com/CocoaPods/Specs.git:
    - Alamofire
    - Booming
    - CacheX
    - Differentiator
    - DZNEmptyDataSet
    - ESTabBarController-swift
    - FSCalendar
    - FSPagerView
    - HandyJSON
    - Harbeth
    - HBDNavigationBar
    - ImageX
    - lottie-ios
    - MBProgressHUD
    - MJRefresh
    - Moya
    - Rickenbacker
    - RxCocoa
    - RxDataSources
    - RxGesture
    - RxNetworks
    - RxRelay
    - RxSkeletonView
    - RxSwift
    - SDWebImage
    - SkeletonView
    - SnapKit
    - "UITableView+FDTemplateLayoutCell"
    - WCDB.swift
    - WCDBOptimizedSQLCipher
    - YYText

EXTERNAL SOURCES:
  AppMain:
    :path: DevelopmentPods/AppMain
  CommonView:
    :path: DevelopmentPods/CommonView
  Database:
    :path: DevelopmentPods/Database
  FeatBox:
    :path: DevelopmentPods/FeatBox
  Mediator:
    :path: DevelopmentPods/Mediator
  ProductLib:
    :path: DevelopmentPods/ProductLib
  RootManager:
    :path: DevelopmentPods/RootManager
  WMDiscover:
    :path: DevelopmentPods/WMModules/WMDiscover
  WMMine:
    :path: DevelopmentPods/WMModules/WMMine
  WMWallet:
    :path: DevelopmentPods/WMModules/WMWallet

SPEC CHECKSUMS:
  Alamofire: f36a35757af4587d8e4f4bfa223ad10be2422b8c
  AppMain: 7a0597053617e089802f431c57476c151d40b0d4
  Booming: 65aca14fb2c6c291fff07bf967d6a31da6ac09f7
  CacheX: 9665503a86f9e38b3eb0c4ab14251649a79d292d
  CommonView: 51de1394b0df560d28fc11685eb4b47d2a2caa33
  Database: bdb5b62e8d3aae26b5a367ebcd2809d1d57f9989
  Differentiator: e8497ceab83c1b10ca233716d547b9af21b9344d
  DZNEmptyDataSet: 9525833b9e68ac21c30253e1d3d7076cc828eaa7
  ESTabBarController-swift: 05593a6ad64700b03c0eb60ff625916370aa4136
  FeatBox: b63c89021c371c7e55f4e78b3f8128ef8981a6fc
  FSCalendar: 2d1d0d9398f12d439f55c1fe0f01525b151b8260
  FSPagerView: 670405b2f18e2a87fa37f20b00de783e562c25a8
  HandyJSON: 9e4e236f5d2dbefad5155a77417bbea438201c03
  Harbeth: 73d704e1edda98db65b80d1cb35b23fff79f6c70
  HBDNavigationBar: a997b65ab7194271e5584b87a952fc851832f692
  ImageX: ec6dff60c24dcb38c5d9f58d9a5099b379a69d64
  lottie-ios: e047b1d2e6239b787cc5e9755b988869cf190494
  MBProgressHUD: 3ee5efcc380f6a79a7cc9b363dd669c5e1ae7406
  Mediator: 1a2236cd6139e3cf468b89cc7d8161c326fdfac8
  MJRefresh: ff9e531227924c84ce459338414550a05d2aea78
  Moya: 138f0573e53411fb3dc17016add0b748dfbd78ee
  ProductLib: a91ff41f306a05b518273664efd064833c732187
  Rickenbacker: 6b45f4820831ec710c57fa5ea468c5c85b60e7e2
  RootManager: 85f936f139a8c21440a0242079390b8b26266151
  RxCocoa: f5609cb4637587a7faa99c5d5787e3ad582b75a4
  RxDataSources: aa47cc1ed6c500fa0dfecac5c979b723542d79cf
  RxGesture: f3efb47ed2d26a8082f7b660d4a59970e275a7f8
  RxNetworks: e634a349d7a8db631415961521e28a13f98216fb
  RxRelay: 4151ba01152436b08271e08410135e099880eae5
  RxSkeletonView: 79598cc7adf5cd2c11c3bfa3ea7c9594d6dce040
  RxSwift: b9a93a26031785159e11abd40d1a55bcb8057e52
  SDWebImage: dfe95b2466a9823cf9f0c6d01217c06550d7b29a
  SkeletonView: 5a050f6411e697abd4cda0a8d767013399dccd69
  SnapKit: d612e99e678a2d3b95bf60b0705ed0a35c03484a
  "UITableView+FDTemplateLayoutCell": 5c949b4a5059c404b442926c0e80f81d10a2d66f
  WCDB.swift: c3b1d120543d2de29e4752d2fb438395461cf83f
  WCDBOptimizedSQLCipher: 7f03bb7c94ad164996f0fa87d0f76026f5ab0f92
  WMDiscover: a88ebb1bd8cc70cd030179abdf6bb7c22a0682c3
  WMMine: e937c8d530e2c10d49b1f6779a0d1f8f80115632
  WMWallet: f1aff57c049826e5c1a6a9a97d48dd4e7273116f
  YYText: 5c461d709e24d55a182d1441c41dc639a18a4849

PODFILE CHECKSUM: 848529f4d76636fd4d302e71ead65378ea39d83e

COCOAPODS: 1.15.2
