PODS:
  - WMWallet (1.0.0):
    - WMWallet/Api (= 1.0.0)
    - WMWallet/Controller (= 1.0.0)
    - WMWallet/Model (= 1.0.0)
    - WMWallet/Resources (= 1.0.0)
    - WMWallet/Util (= 1.0.0)
    - WMWallet/View (= 1.0.0)
    - WMWallet/ViewModel (= 1.0.0)
  - WMWallet/Api (1.0.0)
  - WMWallet/Controller (1.0.0)
  - WMWallet/Model (1.0.0)
  - WMWallet/Resources (1.0.0)
  - WMWallet/Util (1.0.0)
  - WMWallet/View (1.0.0)
  - WMWallet/ViewModel (1.0.0)

DEPENDENCIES:
  - WMWallet (from `..`)

EXTERNAL SOURCES:
  WMWallet:
    :path: ".."

SPEC CHECKSUMS:
  WMWallet: 658e56932b9f1911fd21d735f5462202415f05aa

PODFILE CHECKSUM: 3a13eb9d7d91a1f64b06db79acf12c2bcf586023

COCOAPODS: 1.12.1
